
Microsoft Visual Studio Solution File, Format Version 12.00
Project("{FAE04EC0-301F-11D3-BF4B-00C04F79EFBC}") = "PCParts", "PCParts\PCParts.csproj", "{961F0CD6-EE25-4E9E-BA2B-233DAF304325}"
EndProject
Global
	GlobalSection(SolutionConfigurationPlatforms) = preSolution
		Debug|Any CPU = Debug|Any CPU
		Release|Any CPU = Release|Any CPU
	EndGlobalSection
	GlobalSection(ProjectConfigurationPlatforms) = postSolution
		{961F0CD6-EE25-4E9E-BA2B-233DAF304325}.Debug|Any CPU.ActiveCfg = Debug|Any CPU
		{961F0CD6-EE25-4E9E-BA2B-233DAF304325}.Debug|Any CPU.Build.0 = Debug|Any CPU
		{961F0CD6-EE25-4E9E-BA2B-233DAF304325}.Release|Any CPU.ActiveCfg = Release|Any CPU
		{961F0CD6-EE25-4E9E-BA2B-233DAF304325}.Release|Any CPU.Build.0 = Release|Any CPU
	EndGlobalSection
EndGlobal
